
Microsoft Visual Studio Solution File, Format Version 10.00
# Visual Studio 2008
Project("{8BC9CEB8-8B4A-11D0-8D11-00A0C91BC942}") = "build-vc9", "build-vc9.vcproj", "{5CECA56C-168B-4ADD-84EB-6C7F48656DBE}"
EndProject
Global
	GlobalSection(SolutionConfigurationPlatforms) = preSolution
		Debug|Win32 = Debug|Win32
		Release|Win32 = Release|Win32
	EndGlobalSection
	GlobalSection(ProjectConfigurationPlatforms) = postSolution
		{5CECA56C-168B-4ADD-84EB-6C7F48656DBE}.Debug|Win32.ActiveCfg = Debug|Win32
		{5CECA56C-168B-4ADD-84EB-6C7F48656DBE}.Debug|Win32.Build.0 = Debug|Win32
		{5CECA56C-168B-4ADD-84EB-6C7F48656DBE}.Release|Win32.ActiveCfg = Release|Win32
		{5CECA56C-168B-4ADD-84EB-6C7F48656DBE}.Release|Win32.Build.0 = Release|Win32
	EndGlobalSection
	GlobalSection(SolutionProperties) = preSolution
		HideSolutionNode = FALSE
	EndGlobalSection
EndGlobal
